# This file was autogenerated by uv via the following command:
#    uv pip compile pyproject.toml -o requirements.lock
aiohappyeyeballs==2.6.1
    # via aiohttp
aiohttp==3.12.15
    # via
    #   aiohttp-jinja2
    #   textual-dev
    #   textual-serve
aiohttp-jinja2==1.6
    # via textual-serve
aiosignal==1.4.0
    # via aiohttp
attrs==25.3.0
    # via aiohttp
click==8.2.1
    # via textual-dev
frozenlist==1.7.0
    # via
    #   aiohttp
    #   aiosignal
idna==3.10
    # via yarl
jinja2==3.1.6
    # via
    #   aiohttp-jinja2
    #   textual-serve
linkify-it-py==2.0.3
    # via markdown-it-py
markdown-it-py==3.0.0
    # via
    #   mdit-py-plugins
    #   rich
    #   textual
markupsafe==3.0.2
    # via jinja2
mdit-py-plugins==0.4.2
    # via markdown-it-py
mdurl==0.1.2
    # via markdown-it-py
mido==1.3.3
    # via osmose-presets (pyproject.toml)
msgpack==1.1.1
    # via textual-dev
multidict==6.6.3
    # via
    #   aiohttp
    #   yarl
packaging==25.0
    # via mido
platformdirs==4.3.8
    # via textual
propcache==0.3.2
    # via
    #   aiohttp
    #   yarl
pygments==2.19.2
    # via
    #   rich
    #   textual
python-rtmidi==1.5.8
    # via osmose-presets (pyproject.toml)
rich==14.1.0
    # via
    #   textual
    #   textual-serve
textual==5.3.0
    # via
    #   osmose-presets (pyproject.toml)
    #   textual-dev
    #   textual-serve
textual-dev==1.7.0
    # via osmose-presets (pyproject.toml)
textual-serve==1.1.2
    # via textual-dev
tree-sitter==0.25.1
    # via textual
tree-sitter-bash==0.25.0
    # via textual
tree-sitter-css==0.23.2
    # via textual
tree-sitter-go==0.23.4
    # via textual
tree-sitter-html==0.23.2
    # via textual
tree-sitter-java==0.23.5
    # via textual
tree-sitter-javascript==0.23.1
    # via textual
tree-sitter-json==0.24.8
    # via textual
tree-sitter-markdown==0.3.2
    # via textual
tree-sitter-python==0.23.6
    # via textual
tree-sitter-regex==0.24.3
    # via textual
tree-sitter-rust==0.23.2
    # via textual
tree-sitter-sql==0.3.7
    # via textual
tree-sitter-toml==0.7.0
    # via textual
tree-sitter-xml==0.7.0
    # via textual
tree-sitter-yaml==0.7.1
    # via textual
typing-extensions==4.14.1
    # via
    #   textual
    #   textual-dev
uc-micro-py==1.0.3
    # via linkify-it-py
yarl==1.20.1
    # via aiohttp
